
Microsoft Visual Studio Solution File, Format Version 12.00
# Visual Studio Version 17
VisualStudioVersion = 17.12.35506.116
MinimumVisualStudioVersion = 10.0.40219.1
Project("{9A19103F-16F7-4668-BE54-9A1E7A4F7556}") = "01 (Historian Hysteria)", "01 (Historian Hysteria)\01 (Historian Hysteria).csproj", "{41EF4E6E-5085-44D2-A7F9-BECA34F77AB3}"
EndProject
Project("{2150E333-8FDC-42A3-9474-1A3956D46DE8}") = "Solution Items", "Solution Items", "{93D053CA-0FBA-40B9-B9FA-DC10430805C8}"
	ProjectSection(SolutionItems) = preProject
		.editorconfig = .editorconfig
	EndProjectSection
EndProject
Project("{9A19103F-16F7-4668-BE54-9A1E7A4F7556}") = "Utils", "Utils\Utils.csproj", "{591716C8-FBF3-436D-9C42-DA7303DFE301}"
EndProject
Project("{FAE04EC0-301F-11D3-BF4B-00C04F79EFBC}") = "02 (Red-Nosed Reports)", "02 (Red-Nosed Reports)\02 (Red-Nosed Reports).csproj", "{D8C51724-5BFD-4ACA-9191-371C5DE5E089}"
EndProject
Project("{FAE04EC0-301F-11D3-BF4B-00C04F79EFBC}") = "03 (Mull It Over)", "03 (Mull It Over)\03 (Mull It Over).csproj", "{26BE264F-882B-4FA0-B901-BE01C1465251}"
EndProject
Project("{FAE04EC0-301F-11D3-BF4B-00C04F79EFBC}") = "04 (Ceres Search)", "04 (Ceres Search)\04 (Ceres Search).csproj", "{52C9D3EC-E7AD-4771-BFBA-E3484057EC58}"
EndProject
Project("{FAE04EC0-301F-11D3-BF4B-00C04F79EFBC}") = "05 (Print Queue)", "05 (Print Queue)\05 (Print Queue).csproj", "{3691856F-D817-48F7-AF4C-D293109EBF7D}"
EndProject
Project("{FAE04EC0-301F-11D3-BF4B-00C04F79EFBC}") = "06 (Guard Gallivant)", "06 (Guard Gallivant)\06 (Guard Gallivant).csproj", "{0E54E287-C2D0-4DAD-BEBC-D4A4BAE91654}"
EndProject
Project("{FAE04EC0-301F-11D3-BF4B-00C04F79EFBC}") = "07 (Bridge Repair)", "07 (Bridge Repair)\07 (Bridge Repair).csproj", "{B6FA3831-E868-40B2-AECC-C45AD2BB099D}"
EndProject
Project("{FAE04EC0-301F-11D3-BF4B-00C04F79EFBC}") = "08 (Resonant Collinearity)", "08 (Resonant Collinearity)\08 (Resonant Collinearity).csproj", "{73280E38-F6F4-4310-806D-8BC48519DAAD}"
EndProject
Project("{FAE04EC0-301F-11D3-BF4B-00C04F79EFBC}") = "09 (Disk Fragmenter)", "09 (Disk Fragmenter)\09 (Disk Fragmenter).csproj", "{6BCCF636-2E19-40E7-A246-D362A4DB66BC}"
EndProject
Project("{FAE04EC0-301F-11D3-BF4B-00C04F79EFBC}") = "10 (Hoof It)", "10 (Hoof It)\10 (Hoof It).csproj", "{DF92B889-686B-4B20-96EC-A14B20472F2D}"
EndProject
Project("{FAE04EC0-301F-11D3-BF4B-00C04F79EFBC}") = "11 (Plutonian Pebbles)", "11 (Plutonian Pebbles)\11 (Plutonian Pebbles).csproj", "{0A4841C8-2C78-4280-B853-0A0459A915C8}"
EndProject
Project("{FAE04EC0-301F-11D3-BF4B-00C04F79EFBC}") = "12 (Garden Groups)", "12 (Garden Groups)\12 (Garden Groups).csproj", "{24AF4B52-E0D1-4A09-BF85-10FA7BA53425}"
EndProject
Project("{FAE04EC0-301F-11D3-BF4B-00C04F79EFBC}") = "13 (Claw Contraption)", "13 (Claw Contraption)\13 (Claw Contraption).csproj", "{8FB0D51B-AFE1-4120-B83A-2D634F6FEFB6}"
EndProject
Project("{FAE04EC0-301F-11D3-BF4B-00C04F79EFBC}") = "14 (Restroom Redoubt)", "14 (Restroom Redoubt)\14 (Restroom Redoubt).csproj", "{11933851-0DCA-4CE5-BEDD-599C837DE96E}"
EndProject
Project("{FAE04EC0-301F-11D3-BF4B-00C04F79EFBC}") = "15 (Warehouse Woes)", "15 (Warehouse Woes)\15 (Warehouse Woes).csproj", "{C5228C6C-99F2-404C-BA68-FDF538267DE2}"
EndProject
Project("{FAE04EC0-301F-11D3-BF4B-00C04F79EFBC}") = "16 (Reindeer Maze)", "16 (Reindeer Maze)\16 (Reindeer Maze).csproj", "{0EAE54D4-9400-47BA-A14E-8C26E4B36707}"
EndProject
Project("{FAE04EC0-301F-11D3-BF4B-00C04F79EFBC}") = "17 (Chronospatial Computer)", "17 (Chronospatial Computer)\17 (Chronospatial Computer).csproj", "{F805B7FD-3C96-4E08-88C6-619F0820D470}"
EndProject
Global
	GlobalSection(SolutionConfigurationPlatforms) = preSolution
		Debug|Any CPU = Debug|Any CPU
		Release|Any CPU = Release|Any CPU
	EndGlobalSection
	GlobalSection(ProjectConfigurationPlatforms) = postSolution
		{41EF4E6E-5085-44D2-A7F9-BECA34F77AB3}.Debug|Any CPU.ActiveCfg = Debug|Any CPU
		{41EF4E6E-5085-44D2-A7F9-BECA34F77AB3}.Debug|Any CPU.Build.0 = Debug|Any CPU
		{41EF4E6E-5085-44D2-A7F9-BECA34F77AB3}.Release|Any CPU.ActiveCfg = Release|Any CPU
		{41EF4E6E-5085-44D2-A7F9-BECA34F77AB3}.Release|Any CPU.Build.0 = Release|Any CPU
		{591716C8-FBF3-436D-9C42-DA7303DFE301}.Debug|Any CPU.ActiveCfg = Debug|Any CPU
		{591716C8-FBF3-436D-9C42-DA7303DFE301}.Debug|Any CPU.Build.0 = Debug|Any CPU
		{591716C8-FBF3-436D-9C42-DA7303DFE301}.Release|Any CPU.ActiveCfg = Release|Any CPU
		{591716C8-FBF3-436D-9C42-DA7303DFE301}.Release|Any CPU.Build.0 = Release|Any CPU
		{D8C51724-5BFD-4ACA-9191-371C5DE5E089}.Debug|Any CPU.ActiveCfg = Debug|Any CPU
		{D8C51724-5BFD-4ACA-9191-371C5DE5E089}.Debug|Any CPU.Build.0 = Debug|Any CPU
		{D8C51724-5BFD-4ACA-9191-371C5DE5E089}.Release|Any CPU.ActiveCfg = Release|Any CPU
		{D8C51724-5BFD-4ACA-9191-371C5DE5E089}.Release|Any CPU.Build.0 = Release|Any CPU
		{26BE264F-882B-4FA0-B901-BE01C1465251}.Debug|Any CPU.ActiveCfg = Debug|Any CPU
		{26BE264F-882B-4FA0-B901-BE01C1465251}.Debug|Any CPU.Build.0 = Debug|Any CPU
		{26BE264F-882B-4FA0-B901-BE01C1465251}.Release|Any CPU.ActiveCfg = Release|Any CPU
		{26BE264F-882B-4FA0-B901-BE01C1465251}.Release|Any CPU.Build.0 = Release|Any CPU
		{52C9D3EC-E7AD-4771-BFBA-E3484057EC58}.Debug|Any CPU.ActiveCfg = Debug|Any CPU
		{52C9D3EC-E7AD-4771-BFBA-E3484057EC58}.Debug|Any CPU.Build.0 = Debug|Any CPU
		{52C9D3EC-E7AD-4771-BFBA-E3484057EC58}.Release|Any CPU.ActiveCfg = Release|Any CPU
		{52C9D3EC-E7AD-4771-BFBA-E3484057EC58}.Release|Any CPU.Build.0 = Release|Any CPU
		{3691856F-D817-48F7-AF4C-D293109EBF7D}.Debug|Any CPU.ActiveCfg = Debug|Any CPU
		{3691856F-D817-48F7-AF4C-D293109EBF7D}.Debug|Any CPU.Build.0 = Debug|Any CPU
		{3691856F-D817-48F7-AF4C-D293109EBF7D}.Release|Any CPU.ActiveCfg = Release|Any CPU
		{3691856F-D817-48F7-AF4C-D293109EBF7D}.Release|Any CPU.Build.0 = Release|Any CPU
		{0E54E287-C2D0-4DAD-BEBC-D4A4BAE91654}.Debug|Any CPU.ActiveCfg = Debug|Any CPU
		{0E54E287-C2D0-4DAD-BEBC-D4A4BAE91654}.Debug|Any CPU.Build.0 = Debug|Any CPU
		{0E54E287-C2D0-4DAD-BEBC-D4A4BAE91654}.Release|Any CPU.ActiveCfg = Release|Any CPU
		{0E54E287-C2D0-4DAD-BEBC-D4A4BAE91654}.Release|Any CPU.Build.0 = Release|Any CPU
		{B6FA3831-E868-40B2-AECC-C45AD2BB099D}.Debug|Any CPU.ActiveCfg = Debug|Any CPU
		{B6FA3831-E868-40B2-AECC-C45AD2BB099D}.Debug|Any CPU.Build.0 = Debug|Any CPU
		{B6FA3831-E868-40B2-AECC-C45AD2BB099D}.Release|Any CPU.ActiveCfg = Release|Any CPU
		{B6FA3831-E868-40B2-AECC-C45AD2BB099D}.Release|Any CPU.Build.0 = Release|Any CPU
		{73280E38-F6F4-4310-806D-8BC48519DAAD}.Debug|Any CPU.ActiveCfg = Debug|Any CPU
		{73280E38-F6F4-4310-806D-8BC48519DAAD}.Debug|Any CPU.Build.0 = Debug|Any CPU
		{73280E38-F6F4-4310-806D-8BC48519DAAD}.Release|Any CPU.ActiveCfg = Release|Any CPU
		{73280E38-F6F4-4310-806D-8BC48519DAAD}.Release|Any CPU.Build.0 = Release|Any CPU
		{6BCCF636-2E19-40E7-A246-D362A4DB66BC}.Debug|Any CPU.ActiveCfg = Debug|Any CPU
		{6BCCF636-2E19-40E7-A246-D362A4DB66BC}.Debug|Any CPU.Build.0 = Debug|Any CPU
		{6BCCF636-2E19-40E7-A246-D362A4DB66BC}.Release|Any CPU.ActiveCfg = Release|Any CPU
		{6BCCF636-2E19-40E7-A246-D362A4DB66BC}.Release|Any CPU.Build.0 = Release|Any CPU
		{DF92B889-686B-4B20-96EC-A14B20472F2D}.Debug|Any CPU.ActiveCfg = Debug|Any CPU
		{DF92B889-686B-4B20-96EC-A14B20472F2D}.Debug|Any CPU.Build.0 = Debug|Any CPU
		{DF92B889-686B-4B20-96EC-A14B20472F2D}.Release|Any CPU.ActiveCfg = Release|Any CPU
		{DF92B889-686B-4B20-96EC-A14B20472F2D}.Release|Any CPU.Build.0 = Release|Any CPU
		{0A4841C8-2C78-4280-B853-0A0459A915C8}.Debug|Any CPU.ActiveCfg = Debug|Any CPU
		{0A4841C8-2C78-4280-B853-0A0459A915C8}.Debug|Any CPU.Build.0 = Debug|Any CPU
		{0A4841C8-2C78-4280-B853-0A0459A915C8}.Release|Any CPU.ActiveCfg = Release|Any CPU
		{0A4841C8-2C78-4280-B853-0A0459A915C8}.Release|Any CPU.Build.0 = Release|Any CPU
		{24AF4B52-E0D1-4A09-BF85-10FA7BA53425}.Debug|Any CPU.ActiveCfg = Debug|Any CPU
		{24AF4B52-E0D1-4A09-BF85-10FA7BA53425}.Debug|Any CPU.Build.0 = Debug|Any CPU
		{24AF4B52-E0D1-4A09-BF85-10FA7BA53425}.Release|Any CPU.ActiveCfg = Release|Any CPU
		{24AF4B52-E0D1-4A09-BF85-10FA7BA53425}.Release|Any CPU.Build.0 = Release|Any CPU
		{8FB0D51B-AFE1-4120-B83A-2D634F6FEFB6}.Debug|Any CPU.ActiveCfg = Debug|Any CPU
		{8FB0D51B-AFE1-4120-B83A-2D634F6FEFB6}.Debug|Any CPU.Build.0 = Debug|Any CPU
		{8FB0D51B-AFE1-4120-B83A-2D634F6FEFB6}.Release|Any CPU.ActiveCfg = Release|Any CPU
		{8FB0D51B-AFE1-4120-B83A-2D634F6FEFB6}.Release|Any CPU.Build.0 = Release|Any CPU
		{11933851-0DCA-4CE5-BEDD-599C837DE96E}.Debug|Any CPU.ActiveCfg = Debug|Any CPU
		{11933851-0DCA-4CE5-BEDD-599C837DE96E}.Debug|Any CPU.Build.0 = Debug|Any CPU
		{11933851-0DCA-4CE5-BEDD-599C837DE96E}.Release|Any CPU.ActiveCfg = Release|Any CPU
		{11933851-0DCA-4CE5-BEDD-599C837DE96E}.Release|Any CPU.Build.0 = Release|Any CPU
		{C5228C6C-99F2-404C-BA68-FDF538267DE2}.Debug|Any CPU.ActiveCfg = Debug|Any CPU
		{C5228C6C-99F2-404C-BA68-FDF538267DE2}.Debug|Any CPU.Build.0 = Debug|Any CPU
		{C5228C6C-99F2-404C-BA68-FDF538267DE2}.Release|Any CPU.ActiveCfg = Release|Any CPU
		{C5228C6C-99F2-404C-BA68-FDF538267DE2}.Release|Any CPU.Build.0 = Release|Any CPU
		{0EAE54D4-9400-47BA-A14E-8C26E4B36707}.Debug|Any CPU.ActiveCfg = Debug|Any CPU
		{0EAE54D4-9400-47BA-A14E-8C26E4B36707}.Debug|Any CPU.Build.0 = Debug|Any CPU
		{0EAE54D4-9400-47BA-A14E-8C26E4B36707}.Release|Any CPU.ActiveCfg = Release|Any CPU
		{0EAE54D4-9400-47BA-A14E-8C26E4B36707}.Release|Any CPU.Build.0 = Release|Any CPU
		{F805B7FD-3C96-4E08-88C6-619F0820D470}.Debug|Any CPU.ActiveCfg = Debug|Any CPU
		{F805B7FD-3C96-4E08-88C6-619F0820D470}.Debug|Any CPU.Build.0 = Debug|Any CPU
		{F805B7FD-3C96-4E08-88C6-619F0820D470}.Release|Any CPU.ActiveCfg = Release|Any CPU
		{F805B7FD-3C96-4E08-88C6-619F0820D470}.Release|Any CPU.Build.0 = Release|Any CPU
	EndGlobalSection
	GlobalSection(SolutionProperties) = preSolution
		HideSolutionNode = FALSE
	EndGlobalSection
EndGlobal
