
Microsoft Visual Studio Solution File, Format Version 12.00
# Visual Studio Version 17
VisualStudioVersion = 17.12.35506.116
MinimumVisualStudioVersion = 10.0.40219.1
Project("{9A19103F-16F7-4668-BE54-9A1E7A4F7556}") = "01 (Historian Hysteria)", "01 (Historian Hysteria)\01 (Historian Hysteria).csproj", "{41EF4E6E-5085-44D2-A7F9-BECA34F77AB3}"
EndProject
Project("{2150E333-8FDC-42A3-9474-1A3956D46DE8}") = "Solution Items", "Solution Items", "{93D053CA-0FBA-40B9-B9FA-DC10430805C8}"
	ProjectSection(SolutionItems) = preProject
		.editorconfig = .editorconfig
	EndProjectSection
EndProject
Project("{9A19103F-16F7-4668-BE54-9A1E7A4F7556}") = "Utils", "Utils\Utils.csproj", "{591716C8-FBF3-436D-9C42-DA7303DFE301}"
EndProject
Project("{FAE04EC0-301F-11D3-BF4B-00C04F79EFBC}") = "02 (Red-Nosed Reports)", "02 (Red-Nosed Reports)\02 (Red-Nosed Reports).csproj", "{D8C51724-5BFD-4ACA-9191-371C5DE5E089}"
EndProject
Project("{FAE04EC0-301F-11D3-BF4B-00C04F79EFBC}") = "03 (Mull It Over)", "03 (Mull It Over)\03 (Mull It Over).csproj", "{26BE264F-882B-4FA0-B901-BE01C1465251}"
EndProject
Project("{FAE04EC0-301F-11D3-BF4B-00C04F79EFBC}") = "04 (Ceres Search)", "04 (Ceres Search)\04 (Ceres Search).csproj", "{52C9D3EC-E7AD-4771-BFBA-E3484057EC58}"
EndProject
Project("{FAE04EC0-301F-11D3-BF4B-00C04F79EFBC}") = "05 (Print Queue)", "05 (Print Queue)\05 (Print Queue).csproj", "{3691856F-D817-48F7-AF4C-D293109EBF7D}"
EndProject
Project("{FAE04EC0-301F-11D3-BF4B-00C04F79EFBC}") = "06 (Guard Gallivant)", "06 (Guard Gallivant)\06 (Guard Gallivant).csproj", "{0E54E287-C2D0-4DAD-BEBC-D4A4BAE91654}"
EndProject
Project("{FAE04EC0-301F-11D3-BF4B-00C04F79EFBC}") = "07 (Bridge Repair)", "07 (Bridge Repair)\07 (Bridge Repair).csproj", "{B6FA3831-E868-40B2-AECC-C45AD2BB099D}"
EndProject
Project("{FAE04EC0-301F-11D3-BF4B-00C04F79EFBC}") = "08 (Resonant Collinearity)", "08 (Resonant Collinearity)\08 (Resonant Collinearity).csproj", "{73280E38-F6F4-4310-806D-8BC48519DAAD}"
EndProject
Global
	GlobalSection(SolutionConfigurationPlatforms) = preSolution
		Debug|Any CPU = Debug|Any CPU
		Release|Any CPU = Release|Any CPU
	EndGlobalSection
	GlobalSection(ProjectConfigurationPlatforms) = postSolution
		{41EF4E6E-5085-44D2-A7F9-BECA34F77AB3}.Debug|Any CPU.ActiveCfg = Debug|Any CPU
		{41EF4E6E-5085-44D2-A7F9-BECA34F77AB3}.Debug|Any CPU.Build.0 = Debug|Any CPU
		{41EF4E6E-5085-44D2-A7F9-BECA34F77AB3}.Release|Any CPU.ActiveCfg = Release|Any CPU
		{41EF4E6E-5085-44D2-A7F9-BECA34F77AB3}.Release|Any CPU.Build.0 = Release|Any CPU
		{591716C8-FBF3-436D-9C42-DA7303DFE301}.Debug|Any CPU.ActiveCfg = Debug|Any CPU
		{591716C8-FBF3-436D-9C42-DA7303DFE301}.Debug|Any CPU.Build.0 = Debug|Any CPU
		{591716C8-FBF3-436D-9C42-DA7303DFE301}.Release|Any CPU.ActiveCfg = Release|Any CPU
		{591716C8-FBF3-436D-9C42-DA7303DFE301}.Release|Any CPU.Build.0 = Release|Any CPU
		{D8C51724-5BFD-4ACA-9191-371C5DE5E089}.Debug|Any CPU.ActiveCfg = Debug|Any CPU
		{D8C51724-5BFD-4ACA-9191-371C5DE5E089}.Debug|Any CPU.Build.0 = Debug|Any CPU
		{D8C51724-5BFD-4ACA-9191-371C5DE5E089}.Release|Any CPU.ActiveCfg = Release|Any CPU
		{D8C51724-5BFD-4ACA-9191-371C5DE5E089}.Release|Any CPU.Build.0 = Release|Any CPU
		{26BE264F-882B-4FA0-B901-BE01C1465251}.Debug|Any CPU.ActiveCfg = Debug|Any CPU
		{26BE264F-882B-4FA0-B901-BE01C1465251}.Debug|Any CPU.Build.0 = Debug|Any CPU
		{26BE264F-882B-4FA0-B901-BE01C1465251}.Release|Any CPU.ActiveCfg = Release|Any CPU
		{26BE264F-882B-4FA0-B901-BE01C1465251}.Release|Any CPU.Build.0 = Release|Any CPU
		{52C9D3EC-E7AD-4771-BFBA-E3484057EC58}.Debug|Any CPU.ActiveCfg = Debug|Any CPU
		{52C9D3EC-E7AD-4771-BFBA-E3484057EC58}.Debug|Any CPU.Build.0 = Debug|Any CPU
		{52C9D3EC-E7AD-4771-BFBA-E3484057EC58}.Release|Any CPU.ActiveCfg = Release|Any CPU
		{52C9D3EC-E7AD-4771-BFBA-E3484057EC58}.Release|Any CPU.Build.0 = Release|Any CPU
		{3691856F-D817-48F7-AF4C-D293109EBF7D}.Debug|Any CPU.ActiveCfg = Debug|Any CPU
		{3691856F-D817-48F7-AF4C-D293109EBF7D}.Debug|Any CPU.Build.0 = Debug|Any CPU
		{3691856F-D817-48F7-AF4C-D293109EBF7D}.Release|Any CPU.ActiveCfg = Release|Any CPU
		{3691856F-D817-48F7-AF4C-D293109EBF7D}.Release|Any CPU.Build.0 = Release|Any CPU
		{0E54E287-C2D0-4DAD-BEBC-D4A4BAE91654}.Debug|Any CPU.ActiveCfg = Debug|Any CPU
		{0E54E287-C2D0-4DAD-BEBC-D4A4BAE91654}.Debug|Any CPU.Build.0 = Debug|Any CPU
		{0E54E287-C2D0-4DAD-BEBC-D4A4BAE91654}.Release|Any CPU.ActiveCfg = Release|Any CPU
		{0E54E287-C2D0-4DAD-BEBC-D4A4BAE91654}.Release|Any CPU.Build.0 = Release|Any CPU
		{B6FA3831-E868-40B2-AECC-C45AD2BB099D}.Debug|Any CPU.ActiveCfg = Debug|Any CPU
		{B6FA3831-E868-40B2-AECC-C45AD2BB099D}.Debug|Any CPU.Build.0 = Debug|Any CPU
		{B6FA3831-E868-40B2-AECC-C45AD2BB099D}.Release|Any CPU.ActiveCfg = Release|Any CPU
		{B6FA3831-E868-40B2-AECC-C45AD2BB099D}.Release|Any CPU.Build.0 = Release|Any CPU
		{73280E38-F6F4-4310-806D-8BC48519DAAD}.Debug|Any CPU.ActiveCfg = Debug|Any CPU
		{73280E38-F6F4-4310-806D-8BC48519DAAD}.Debug|Any CPU.Build.0 = Debug|Any CPU
		{73280E38-F6F4-4310-806D-8BC48519DAAD}.Release|Any CPU.ActiveCfg = Release|Any CPU
		{73280E38-F6F4-4310-806D-8BC48519DAAD}.Release|Any CPU.Build.0 = Release|Any CPU
	EndGlobalSection
	GlobalSection(SolutionProperties) = preSolution
		HideSolutionNode = FALSE
	EndGlobalSection
EndGlobal
